// !$*UTF8*$!
{
	archiveVersion = 1;
	classes = {
	};
	objectVersion = 48;
	objects = {

/* Begin PBXBuildFile section */
		6EBF13D31F9F32790074D11C /* AppDelegate.swift in Sources */ = {isa = PBXBuildFile; fileRef = 6EBF13D21F9F32790074D11C /* AppDelegate.swift */; };
		6EBF13D81F9F32790074D11C /* Main.storyboard in Resources */ = {isa = PBXBuildFile; fileRef = 6EBF13D61F9F32790074D11C /* Main.storyboard */; };
		6EBF13DA1F9F32790074D11C /* Assets.xcassets in Resources */ = {isa = PBXBuildFile; fileRef = 6EBF13D91F9F32790074D11C /* Assets.xcassets */; };
		6EBF13DD1F9F32790074D11C /* LaunchScreen.storyboard in Resources */ = {isa = PBXBuildFile; fileRef = 6EBF13DB1F9F32790074D11C /* LaunchScreen.storyboard */; };
		6EBF13E81F9F327A0074D11C /* SCAutomatorSliderInTableCellBugUITests.swift in Sources */ = {isa = PBXBuildFile; fileRef = 6EBF13E71F9F327A0074D11C /* SCAutomatorSliderInTableCellBugUITests.swift */; };
		6EBF13F31F9F32DA0074D11C /* TableViewController.swift in Sources */ = {isa = PBXBuildFile; fileRef = 6EBF13F21F9F32DA0074D11C /* TableViewController.swift */; };
/* End PBXBuildFile section */

/* Begin PBXContainerItemProxy section */
		6EBF13E41F9F327A0074D11C /* PBXContainerItemProxy */ = {
			isa = PBXContainerItemProxy;
			containerPortal = 6EBF13C71F9F32790074D11C /* Project object */;
			proxyType = 1;
			remoteGlobalIDString = 6EBF13CE1F9F32790074D11C;
			remoteInfo = SCAutomatorSliderInTableCellBug;
		};
/* End PBXContainerItemProxy section */

/* Begin PBXFileReference section */
		6EBF13CF1F9F32790074D11C /* SCAutomatorSliderInTableCellBug.app */ = {isa = PBXFileReference; explicitFileType = wrapper.application; includeInIndex = 0; path = SCAutomatorSliderInTableCellBug.app; sourceTree = BUILT_PRODUCTS_DIR; };
		6EBF13D21F9F32790074D11C /* AppDelegate.swift */ = {isa = PBXFileReference; lastKnownFileType = sourcecode.swift; path = AppDelegate.swift; sourceTree = "<group>"; };
		6EBF13D71F9F32790074D11C /* Base */ = {isa = PBXFileReference; lastKnownFileType = file.storyboard; name = Base; path = Base.lproj/Main.storyboard; sourceTree = "<group>"; };
		6EBF13D91F9F32790074D11C /* Assets.xcassets */ = {isa = PBXFileReference; lastKnownFileType = folder.assetcatalog; path = Assets.xcassets; sourceTree = "<group>"; };
		6EBF13DC1F9F32790074D11C /* Base */ = {isa = PBXFileReference; lastKnownFileType = file.storyboard; name = Base; path = Base.lproj/LaunchScreen.storyboard; sourceTree = "<group>"; };
		6EBF13DE1F9F327A0074D11C /* Info.plist */ = {isa = PBXFileReference; lastKnownFileType = text.plist.xml; path = Info.plist; sourceTree = "<group>"; };
		6EBF13E31F9F327A0074D11C /* SCAutomatorSliderInTableCellBugUITests.xctest */ = {isa = PBXFileReference; explicitFileType = wrapper.cfbundle; includeInIndex = 0; path = SCAutomatorSliderInTableCellBugUITests.xctest; sourceTree = BUILT_PRODUCTS_DIR; };
		6EBF13E71F9F327A0074D11C /* SCAutomatorSliderInTableCellBugUITests.swift */ = {isa = PBXFileReference; lastKnownFileType = sourcecode.swift; path = SCAutomatorSliderInTableCellBugUITests.swift; sourceTree = "<group>"; };
		6EBF13E91F9F327A0074D11C /* Info.plist */ = {isa = PBXFileReference; lastKnownFileType = text.plist.xml; path = Info.plist; sourceTree = "<group>"; };
		6EBF13F21F9F32DA0074D11C /* TableViewController.swift */ = {isa = PBXFileReference; lastKnownFileType = sourcecode.swift; path = TableViewController.swift; sourceTree = "<group>"; };
/* End PBXFileReference section */

/* Begin PBXFrameworksBuildPhase section */
		6EBF13CC1F9F32790074D11C /* Frameworks */ = {
			isa = PBXFrameworksBuildPhase;
			buildActionMask = 2147483647;
			files = (
			);
			runOnlyForDeploymentPostprocessing = 0;
		};
		6EBF13E01F9F327A0074D11C /* Frameworks */ = {
			isa = PBXFrameworksBuildPhase;
			buildActionMask = 2147483647;
			files = (
			);
			runOnlyForDeploymentPostprocessing = 0;
		};
/* End PBXFrameworksBuildPhase section */

/* Begin PBXGroup section */
		6EBF13C61F9F32790074D11C = {
			isa = PBXGroup;
			children = (
				6EBF13D11F9F32790074D11C /* SCAutomatorSliderInTableCellBug */,
				6EBF13E61F9F327A0074D11C /* SCAutomatorSliderInTableCellBugUITests */,
				6EBF13D01F9F32790074D11C /* Products */,
			);
			sourceTree = "<group>";
		};
		6EBF13D01F9F32790074D11C /* Products */ = {
			isa = PBXGroup;
			children = (
				6EBF13CF1F9F32790074D11C /* SCAutomatorSliderInTableCellBug.app */,
				6EBF13E31F9F327A0074D11C /* SCAutomatorSliderInTableCellBugUITests.xctest */,
			);
			name = Products;
			sourceTree = "<group>";
		};
		6EBF13D11F9F32790074D11C /* SCAutomatorSliderInTableCellBug */ = {
			isa = PBXGroup;
			children = (
				6EBF13D21F9F32790074D11C /* AppDelegate.swift */,
				6EBF13D61F9F32790074D11C /* Main.storyboard */,
				6EBF13F21F9F32DA0074D11C /* TableViewController.swift */,
				6EBF13D91F9F32790074D11C /* Assets.xcassets */,
				6EBF13DB1F9F32790074D11C /* LaunchScreen.storyboard */,
				6EBF13DE1F9F327A0074D11C /* Info.plist */,
			);
			path = SCAutomatorSliderInTableCellBug;
			sourceTree = "<group>";
		};
		6EBF13E61F9F327A0074D11C /* SCAutomatorSliderInTableCellBugUITests */ = {
			isa = PBXGroup;
			children = (
				6EBF13E71F9F327A0074D11C /* SCAutomatorSliderInTableCellBugUITests.swift */,
				6EBF13E91F9F327A0074D11C /* Info.plist */,
			);
			path = SCAutomatorSliderInTableCellBugUITests;
			sourceTree = "<group>";
		};
/* End PBXGroup section */

/* Begin PBXNativeTarget section */
		6EBF13CE1F9F32790074D11C /* SCAutomatorSliderInTableCellBug */ = {
			isa = PBXNativeTarget;
			buildConfigurationList = 6EBF13EC1F9F327A0074D11C /* Build configuration list for PBXNativeTarget "SCAutomatorSliderInTableCellBug" */;
			buildPhases = (
				6EBF13CB1F9F32790074D11C /* Sources */,
				6EBF13CC1F9F32790074D11C /* Frameworks */,
				6EBF13CD1F9F32790074D11C /* Resources */,
			);
			buildRules = (
			);
			dependencies = (
			);
			name = SCAutomatorSliderInTableCellBug;
			productName = SCAutomatorSliderInTableCellBug;
			productReference = 6EBF13CF1F9F32790074D11C /* SCAutomatorSliderInTableCellBug.app */;
			productType = "com.apple.product-type.application";
		};
		6EBF13E21F9F327A0074D11C /* SCAutomatorSliderInTableCellBugUITests */ = {
			isa = PBXNativeTarget;
			buildConfigurationList = 6EBF13EF1F9F327A0074D11C /* Build configuration list for PBXNativeTarget "SCAutomatorSliderInTableCellBugUITests" */;
			buildPhases = (
				6EBF13DF1F9F327A0074D11C /* Sources */,
				6EBF13E01F9F327A0074D11C /* Frameworks */,
				6EBF13E11F9F327A0074D11C /* Resources */,
			);
			buildRules = (
			);
			dependencies = (
				6EBF13E51F9F327A0074D11C /* PBXTargetDependency */,
			);
			name = SCAutomatorSliderInTableCellBugUITests;
			productName = SCAutomatorSliderInTableCellBugUITests;
			productReference = 6EBF13E31F9F327A0074D11C /* SCAutomatorSliderInTableCellBugUITests.xctest */;
			productType = "com.apple.product-type.bundle.ui-testing";
		};
/* End PBXNativeTarget section */

/* Begin PBXProject section */
		6EBF13C71F9F32790074D11C /* Project object */ = {
			isa = PBXProject;
			attributes = {
				LastSwiftUpdateCheck = 0910;
				LastUpgradeCheck = 0910;
				ORGANIZATIONNAME = "Serious Cyrus";
				TargetAttributes = {
					6EBF13CE1F9F32790074D11C = {
						CreatedOnToolsVersion = 9.1;
						ProvisioningStyle = Automatic;
					};
					6EBF13E21F9F327A0074D11C = {
						CreatedOnToolsVersion = 9.1;
						ProvisioningStyle = Automatic;
						TestTargetID = 6EBF13CE1F9F32790074D11C;
					};
				};
			};
			buildConfigurationList = 6EBF13CA1F9F32790074D11C /* Build configuration list for PBXProject "SCAutomatorSliderInTableCellBug" */;
			compatibilityVersion = "Xcode 8.0";
			developmentRegion = en;
			hasScannedForEncodings = 0;
			knownRegions = (
				en,
				Base,
			);
			mainGroup = 6EBF13C61F9F32790074D11C;
			productRefGroup = 6EBF13D01F9F32790074D11C /* Products */;
			projectDirPath = "";
			projectRoot = "";
			targets = (
				6EBF13CE1F9F32790074D11C /* SCAutomatorSliderInTableCellBug */,
				6EBF13E21F9F327A0074D11C /* SCAutomatorSliderInTableCellBugUITests */,
			);
		};
/* End PBXProject section */

/* Begin PBXResourcesBuildPhase section */
		6EBF13CD1F9F32790074D11C /* Resources */ = {
			isa = PBXResourcesBuildPhase;
			buildActionMask = 2147483647;
			files = (
				6EBF13DD1F9F32790074D11C /* LaunchScreen.storyboard in Resources */,
				6EBF13DA1F9F32790074D11C /* Assets.xcassets in Resources */,
				6EBF13D81F9F32790074D11C /* Main.storyboard in Resources */,
			);
			runOnlyForDeploymentPostprocessing = 0;
		};
		6EBF13E11F9F327A0074D11C /* Resources */ = {
			isa = PBXResourcesBuildPhase;
			buildActionMask = 2147483647;
			files = (
			);
			runOnlyForDeploymentPostprocessing = 0;
		};
/* End PBXResourcesBuildPhase section */

/* Begin PBXSourcesBuildPhase section */
		6EBF13CB1F9F32790074D11C /* Sources */ = {
			isa = PBXSourcesBuildPhase;
			buildActionMask = 2147483647;
			files = (
				6EBF13D31F9F32790074D11C /* AppDelegate.swift in Sources */,
				6EBF13F31F9F32DA0074D11C /* TableViewController.swift in Sources */,
			);
			runOnlyForDeploymentPostprocessing = 0;
		};
		6EBF13DF1F9F327A0074D11C /* Sources */ = {
			isa = PBXSourcesBuildPhase;
			buildActionMask = 2147483647;
			files = (
				6EBF13E81F9F327A0074D11C /* SCAutomatorSliderInTableCellBugUITests.swift in Sources */,
			);
			runOnlyForDeploymentPostprocessing = 0;
		};
/* End PBXSourcesBuildPhase section */

/* Begin PBXTargetDependency section */
		6EBF13E51F9F327A0074D11C /* PBXTargetDependency */ = {
			isa = PBXTargetDependency;
			target = 6EBF13CE1F9F32790074D11C /* SCAutomatorSliderInTableCellBug */;
			targetProxy = 6EBF13E41F9F327A0074D11C /* PBXContainerItemProxy */;
		};
/* End PBXTargetDependency section */

/* Begin PBXVariantGroup section */
		6EBF13D61F9F32790074D11C /* Main.storyboard */ = {
			isa = PBXVariantGroup;
			children = (
				6EBF13D71F9F32790074D11C /* Base */,
			);
			name = Main.storyboard;
			sourceTree = "<group>";
		};
		6EBF13DB1F9F32790074D11C /* LaunchScreen.storyboard */ = {
			isa = PBXVariantGroup;
			children = (
				6EBF13DC1F9F32790074D11C /* Base */,
			);
			name = LaunchScreen.storyboard;
			sourceTree = "<group>";
		};
/* End PBXVariantGroup section */

/* Begin XCBuildConfiguration section */
		6EBF13EA1F9F327A0074D11C /* Debug */ = {
			isa = XCBuildConfiguration;
			buildSettings = {
				ALWAYS_SEARCH_USER_PATHS = NO;
				CLANG_ANALYZER_NONNULL = YES;
				CLANG_ANALYZER_NUMBER_OBJECT_CONVERSION = YES_AGGRESSIVE;
				CLANG_CXX_LANGUAGE_STANDARD = "gnu++14";
				CLANG_CXX_LIBRARY = "libc++";
				CLANG_ENABLE_MODULES = YES;
				CLANG_ENABLE_OBJC_ARC = YES;
				CLANG_WARN_BLOCK_CAPTURE_AUTORELEASING = YES;
				CLANG_WARN_BOOL_CONVERSION = YES;
				CLANG_WARN_COMMA = YES;
				CLANG_WARN_CONSTANT_CONVERSION = YES;
				CLANG_WARN_DIRECT_OBJC_ISA_USAGE = YES_ERROR;
				CLANG_WARN_DOCUMENTATION_COMMENTS = YES;
				CLANG_WARN_EMPTY_BODY = YES;
				CLANG_WARN_ENUM_CONVERSION = YES;
				CLANG_WARN_INFINITE_RECURSION = YES;
				CLANG_WARN_INT_CONVERSION = YES;
				CLANG_WARN_NON_LITERAL_NULL_CONVERSION = YES;
				CLANG_WARN_OBJC_LITERAL_CONVERSION = YES;
				CLANG_WARN_OBJC_ROOT_CLASS = YES_ERROR;
				CLANG_WARN_RANGE_LOOP_ANALYSIS = YES;
				CLANG_WARN_STRICT_PROTOTYPES = YES;
				CLANG_WARN_SUSPICIOUS_MOVE = YES;
				CLANG_WARN_UNGUARDED_AVAILABILITY = YES_AGGRESSIVE;
				CLANG_WARN_UNREACHABLE_CODE = YES;
				CLANG_WARN__DUPLICATE_METHOD_MATCH = YES;
				CODE_SIGN_IDENTITY = "iPhone Developer";
				COPY_PHASE_STRIP = NO;
				DEBUG_INFORMATION_FORMAT = dwarf;
				ENABLE_STRICT_OBJC_MSGSEND = YES;
				ENABLE_TESTABILITY = YES;
				GCC_C_LANGUAGE_STANDARD = gnu11;
				GCC_DYNAMIC_NO_PIC = NO;
				GCC_NO_COMMON_BLOCKS = YES;
				GCC_OPTIMIZATION_LEVEL = 0;
				GCC_PREPROCESSOR_DEFINITIONS = (
					"DEBUG=1",
					"$(inherited)",
				);
				GCC_WARN_64_TO_32_BIT_CONVERSION = YES;
				GCC_WARN_ABOUT_RETURN_TYPE = YES_ERROR;
				GCC_WARN_UNDECLARED_SELECTOR = YES;
				GCC_WARN_UNINITIALIZED_AUTOS = YES_AGGRESSIVE;
				GCC_WARN_UNUSED_FUNCTION = YES;
				GCC_WARN_UNUSED_VARIABLE = YES;
				IPHONEOS_DEPLOYMENT_TARGET = 11.1;
				MTL_ENABLE_DEBUG_INFO = YES;
				ONLY_ACTIVE_ARCH = YES;
				SDKROOT = iphoneos;
				SWIFT_ACTIVE_COMPILATION_CONDITIONS = DEBUG;
				SWIFT_OPTIMIZATION_LEVEL = "-Onone";
			};
			name = Debug;
		};
		6EBF13EB1F9F327A0074D11C /* Release */ = {
			isa = XCBuildConfiguration;
			buildSettings = {
				ALWAYS_SEARCH_USER_PATHS = NO;
				CLANG_ANALYZER_NONNULL = YES;
				CLANG_ANALYZER_NUMBER_OBJECT_CONVERSION = YES_AGGRESSIVE;
				CLANG_CXX_LANGUAGE_STANDARD = "gnu++14";
				CLANG_CXX_LIBRARY = "libc++";
				CLANG_ENABLE_MODULES = YES;
				CLANG_ENABLE_OBJC_ARC = YES;
				CLANG_WARN_BLOCK_CAPTURE_AUTORELEASING = YES;
				CLANG_WARN_BOOL_CONVERSION = YES;
				CLANG_WARN_COMMA = YES;
				CLANG_WARN_CONSTANT_CONVERSION = YES;
				CLANG_WARN_DIRECT_OBJC_ISA_USAGE = YES_ERROR;
				CLANG_WARN_DOCUMENTATION_COMMENTS = YES;
				CLANG_WARN_EMPTY_BODY = YES;
				CLANG_WARN_ENUM_CONVERSION = YES;
				CLANG_WARN_INFINITE_RECURSION = YES;
				CLANG_WARN_INT_CONVERSION = YES;
				CLANG_WARN_NON_LITERAL_NULL_CONVERSION = YES;
				CLANG_WARN_OBJC_LITERAL_CONVERSION = YES;
				CLANG_WARN_OBJC_ROOT_CLASS = YES_ERROR;
				CLANG_WARN_RANGE_LOOP_ANALYSIS = YES;
				CLANG_WARN_STRICT_PROTOTYPES = YES;
				CLANG_WARN_SUSPICIOUS_MOVE = YES;
				CLANG_WARN_UNGUARDED_AVAILABILITY = YES_AGGRESSIVE;
				CLANG_WARN_UNREACHABLE_CODE = YES;
				CLANG_WARN__DUPLICATE_METHOD_MATCH = YES;
				CODE_SIGN_IDENTITY = "iPhone Developer";
				COPY_PHASE_STRIP = NO;
				DEBUG_INFORMATION_FORMAT = "dwarf-with-dsym";
				ENABLE_NS_ASSERTIONS = NO;
				ENABLE_STRICT_OBJC_MSGSEND = YES;
				GCC_C_LANGUAGE_STANDARD = gnu11;
				GCC_NO_COMMON_BLOCKS = YES;
				GCC_WARN_64_TO_32_BIT_CONVERSION = YES;
				GCC_WARN_ABOUT_RETURN_TYPE = YES_ERROR;
				GCC_WARN_UNDECLARED_SELECTOR = YES;
				GCC_WARN_UNINITIALIZED_AUTOS = YES_AGGRESSIVE;
				GCC_WARN_UNUSED_FUNCTION = YES;
				GCC_WARN_UNUSED_VARIABLE = YES;
				IPHONEOS_DEPLOYMENT_TARGET = 11.1;
				MTL_ENABLE_DEBUG_INFO = NO;
				SDKROOT = iphoneos;
				SWIFT_OPTIMIZATION_LEVEL = "-Owholemodule";
				VALIDATE_PRODUCT = YES;
			};
			name = Release;
		};
		6EBF13ED1F9F327A0074D11C /* Debug */ = {
			isa = XCBuildConfiguration;
			buildSettings = {
				ASSETCATALOG_COMPILER_APPICON_NAME = AppIcon;
				CODE_SIGN_STYLE = Automatic;
				DEVELOPMENT_TEAM = EZGTK3XF77;
				INFOPLIST_FILE = SCAutomatorSliderInTableCellBug/Info.plist;
				LD_RUNPATH_SEARCH_PATHS = "$(inherited) @executable_path/Frameworks";
				PRODUCT_BUNDLE_IDENTIFIER = "Serious-Cyrus.SCAutomatorSliderInTableCellBug";
				PRODUCT_NAME = "$(TARGET_NAME)";
				SWIFT_VERSION = 4.0;
				TARGETED_DEVICE_FAMILY = "1,2";
			};
			name = Debug;
		};
		6EBF13EE1F9F327A0074D11C /* Release */ = {
			isa = XCBuildConfiguration;
			buildSettings = {
				ASSETCATALOG_COMPILER_APPICON_NAME = AppIcon;
				CODE_SIGN_STYLE = Automatic;
				DEVELOPMENT_TEAM = EZGTK3XF77;
				INFOPLIST_FILE = SCAutomatorSliderInTableCellBug/Info.plist;
				LD_RUNPATH_SEARCH_PATHS = "$(inherited) @executable_path/Frameworks";
				PRODUCT_BUNDLE_IDENTIFIER = "Serious-Cyrus.SCAutomatorSliderInTableCellBug";
				PRODUCT_NAME = "$(TARGET_NAME)";
				SWIFT_VERSION = 4.0;
				TARGETED_DEVICE_FAMILY = "1,2";
			};
			name = Release;
		};
		6EBF13F01F9F327A0074D11C /* Debug */ = {
			isa = XCBuildConfiguration;
			buildSettings = {
				ALWAYS_EMBED_SWIFT_STANDARD_LIBRARIES = YES;
				CODE_SIGN_STYLE = Automatic;
				DEVELOPMENT_TEAM = EZGTK3XF77;
				INFOPLIST_FILE = SCAutomatorSliderInTableCellBugUITests/Info.plist;
				LD_RUNPATH_SEARCH_PATHS = "$(inherited) @executable_path/Frameworks @loader_path/Frameworks";
				PRODUCT_BUNDLE_IDENTIFIER = "Serious-Cyrus.SCAutomatorSliderInTableCellBugUITests";
				PRODUCT_NAME = "$(TARGET_NAME)";
				SWIFT_VERSION = 4.0;
				TARGETED_DEVICE_FAMILY = "1,2";
				TEST_TARGET_NAME = SCAutomatorSliderInTableCellBug;
			};
			name = Debug;
		};
		6EBF13F11F9F327A0074D11C /* Release */ = {
			isa = XCBuildConfiguration;
			buildSettings = {
				ALWAYS_EMBED_SWIFT_STANDARD_LIBRARIES = YES;
				CODE_SIGN_STYLE = Automatic;
				DEVELOPMENT_TEAM = EZGTK3XF77;
				INFOPLIST_FILE = SCAutomatorSliderInTableCellBugUITests/Info.plist;
				LD_RUNPATH_SEARCH_PATHS = "$(inherited) @executable_path/Frameworks @loader_path/Frameworks";
				PRODUCT_BUNDLE_IDENTIFIER = "Serious-Cyrus.SCAutomatorSliderInTableCellBugUITests";
				PRODUCT_NAME = "$(TARGET_NAME)";
				SWIFT_VERSION = 4.0;
				TARGETED_DEVICE_FAMILY = "1,2";
				TEST_TARGET_NAME = SCAutomatorSliderInTableCellBug;
			};
			name = Release;
		};
/* End XCBuildConfiguration section */

/* Begin XCConfigurationList section */
		6EBF13CA1F9F32790074D11C /* Build configuration list for PBXProject "SCAutomatorSliderInTableCellBug" */ = {
			isa = XCConfigurationList;
			buildConfigurations = (
				6EBF13EA1F9F327A0074D11C /* Debug */,
				6EBF13EB1F9F327A0074D11C /* Release */,
			);
			defaultConfigurationIsVisible = 0;
			defaultConfigurationName = Release;
		};
		6EBF13EC1F9F327A0074D11C /* Build configuration list for PBXNativeTarget "SCAutomatorSliderInTableCellBug" */ = {
			isa = XCConfigurationList;
			buildConfigurations = (
				6EBF13ED1F9F327A0074D11C /* Debug */,
				6EBF13EE1F9F327A0074D11C /* Release */,
			);
			defaultConfigurationIsVisible = 0;
			defaultConfigurationName = Release;
		};
		6EBF13EF1F9F327A0074D11C /* Build configuration list for PBXNativeTarget "SCAutomatorSliderInTableCellBugUITests" */ = {
			isa = XCConfigurationList;
			buildConfigurations = (
				6EBF13F01F9F327A0074D11C /* Debug */,
				6EBF13F11F9F327A0074D11C /* Release */,
			);
			defaultConfigurationIsVisible = 0;
			defaultConfigurationName = Release;
		};
/* End XCConfigurationList section */
	};
	rootObject = 6EBF13C71F9F32790074D11C /* Project object */;
}
